
Microsoft Visual Studio Solution File, Format Version 12.00
# Visual Studio Version 16
VisualStudioVersion = 16.0.30907.101
MinimumVisualStudioVersion = 10.0.40219.1
Project("{9A19103F-16F7-4668-BE54-9A1E7A4F7556}") = "Mimp.SeeSharper.IO", "Mimp.SeeSharper.IO\Mimp.SeeSharper.IO.csproj", "{340E3FE2-B069-4D39-A853-8D1697162AC2}"
EndProject
Project("{9A19103F-16F7-4668-BE54-9A1E7A4F7556}") = "Mimp.SeeSharper.IO.Provide.Abstraction", "Mimp.SeeSharper.IO.Provide.Abstraction\Mimp.SeeSharper.IO.Provide.Abstraction.csproj", "{8C8DC1FC-A98C-402B-ADA2-2CC0C81747DE}"
EndProject
Project("{9A19103F-16F7-4668-BE54-9A1E7A4F7556}") = "Mimp.SeeSharper.IO.Provide", "Mimp.SeeSharper.IO.Provide\Mimp.SeeSharper.IO.Provide.csproj", "{F843EBAF-C17B-4558-B1DE-6878EBA0734D}"
EndProject
Project("{2150E333-8FDC-42A3-9474-1A3956D46DE8}") = "libs", "libs", "{7C044347-1CB2-4BE3-9D5C-2B7BF7AFE3C0}"
EndProject
Project("{9A19103F-16F7-4668-BE54-9A1E7A4F7556}") = "Mimp.SeeSharper.Async", "..\libs\Async\src\Mimp.SeeSharper.Async\Mimp.SeeSharper.Async.csproj", "{BA1095E3-1CFB-459B-ABBB-BF2713F8BEEF}"
EndProject
Global
	GlobalSection(SolutionConfigurationPlatforms) = preSolution
		Debug|Any CPU = Debug|Any CPU
		Release|Any CPU = Release|Any CPU
	EndGlobalSection
	GlobalSection(ProjectConfigurationPlatforms) = postSolution
		{340E3FE2-B069-4D39-A853-8D1697162AC2}.Debug|Any CPU.ActiveCfg = Debug|Any CPU
		{340E3FE2-B069-4D39-A853-8D1697162AC2}.Debug|Any CPU.Build.0 = Debug|Any CPU
		{340E3FE2-B069-4D39-A853-8D1697162AC2}.Release|Any CPU.ActiveCfg = Release|Any CPU
		{340E3FE2-B069-4D39-A853-8D1697162AC2}.Release|Any CPU.Build.0 = Release|Any CPU
		{8C8DC1FC-A98C-402B-ADA2-2CC0C81747DE}.Debug|Any CPU.ActiveCfg = Debug|Any CPU
		{8C8DC1FC-A98C-402B-ADA2-2CC0C81747DE}.Debug|Any CPU.Build.0 = Debug|Any CPU
		{8C8DC1FC-A98C-402B-ADA2-2CC0C81747DE}.Release|Any CPU.ActiveCfg = Release|Any CPU
		{8C8DC1FC-A98C-402B-ADA2-2CC0C81747DE}.Release|Any CPU.Build.0 = Release|Any CPU
		{F843EBAF-C17B-4558-B1DE-6878EBA0734D}.Debug|Any CPU.ActiveCfg = Debug|Any CPU
		{F843EBAF-C17B-4558-B1DE-6878EBA0734D}.Debug|Any CPU.Build.0 = Debug|Any CPU
		{F843EBAF-C17B-4558-B1DE-6878EBA0734D}.Release|Any CPU.ActiveCfg = Release|Any CPU
		{F843EBAF-C17B-4558-B1DE-6878EBA0734D}.Release|Any CPU.Build.0 = Release|Any CPU
		{BA1095E3-1CFB-459B-ABBB-BF2713F8BEEF}.Debug|Any CPU.ActiveCfg = Debug|Any CPU
		{BA1095E3-1CFB-459B-ABBB-BF2713F8BEEF}.Debug|Any CPU.Build.0 = Debug|Any CPU
		{BA1095E3-1CFB-459B-ABBB-BF2713F8BEEF}.Release|Any CPU.ActiveCfg = Release|Any CPU
		{BA1095E3-1CFB-459B-ABBB-BF2713F8BEEF}.Release|Any CPU.Build.0 = Release|Any CPU
	EndGlobalSection
	GlobalSection(SolutionProperties) = preSolution
		HideSolutionNode = FALSE
	EndGlobalSection
	GlobalSection(NestedProjects) = preSolution
		{BA1095E3-1CFB-459B-ABBB-BF2713F8BEEF} = {7C044347-1CB2-4BE3-9D5C-2B7BF7AFE3C0}
	EndGlobalSection
	GlobalSection(ExtensibilityGlobals) = postSolution
		SolutionGuid = {E2DBDD77-2365-4D8A-94BF-53EA5AF13F49}
	EndGlobalSection
EndGlobal
